
Microsoft Visual Studio Solution File, Format Version 12.00
# Visual Studio Version 17
VisualStudioVersion = 17.14.36908.2 d17.14
MinimumVisualStudioVersion = 10.0.40219.1
Project("{FAE04EC0-301F-11D3-BF4B-00C04F79EFBC}") = "StudentSocialNetwork.Api", "StudentSocialNetwork.Api\StudentSocialNetwork.Api.csproj", "{2206F0D6-5336-4531-BC2D-11B8C9190617}"
EndProject
Project("{FAE04EC0-301F-11D3-BF4B-00C04F79EFBC}") = "StudentSocialNetwork.Client", "StudentSocialNetwork.Client\StudentSocialNetwork.Client.csproj", "{80678650-4E72-491C-9A77-008A3AFF3696}"
EndProject
Global
	GlobalSection(SolutionConfigurationPlatforms) = preSolution
		Debug|Any CPU = Debug|Any CPU
		Release|Any CPU = Release|Any CPU
	EndGlobalSection
	GlobalSection(ProjectConfigurationPlatforms) = postSolution
		{2206F0D6-5336-4531-BC2D-11B8C9190617}.Debug|Any CPU.ActiveCfg = Debug|Any CPU
		{2206F0D6-5336-4531-BC2D-11B8C9190617}.Debug|Any CPU.Build.0 = Debug|Any CPU
		{2206F0D6-5336-4531-BC2D-11B8C9190617}.Release|Any CPU.ActiveCfg = Release|Any CPU
		{2206F0D6-5336-4531-BC2D-11B8C9190617}.Release|Any CPU.Build.0 = Release|Any CPU
		{80678650-4E72-491C-9A77-008A3AFF3696}.Debug|Any CPU.ActiveCfg = Debug|Any CPU
		{80678650-4E72-491C-9A77-008A3AFF3696}.Debug|Any CPU.Build.0 = Debug|Any CPU
		{80678650-4E72-491C-9A77-008A3AFF3696}.Release|Any CPU.ActiveCfg = Release|Any CPU
		{80678650-4E72-491C-9A77-008A3AFF3696}.Release|Any CPU.Build.0 = Release|Any CPU
	EndGlobalSection
	GlobalSection(SolutionProperties) = preSolution
		HideSolutionNode = FALSE
	EndGlobalSection
	GlobalSection(ExtensibilityGlobals) = postSolution
		SolutionGuid = {D636094D-D5B9-47FF-BCD7-0E543926D112}
	EndGlobalSection
EndGlobal
